
Microsoft Visual Studio Solution File, Format Version 12.00
# Visual Studio Version 17
VisualStudioVersion = 17.8.34322.80
MinimumVisualStudioVersion = 10.0.40219.1
Project("{8BC9CEB8-8B4A-11D0-8D11-00A0C91BC942}") = "Partial Commander", "Partial Commander\Partial Commander.vcxproj", "{8656656C-118D-4602-98EA-2FDA6C469DA9}"
EndProject
Global
	GlobalSection(SolutionConfigurationPlatforms) = preSolution
		Debug|x64 = Debug|x64
		Debug|x86 = Debug|x86
		Release|x64 = Release|x64
		Release|x86 = Release|x86
	EndGlobalSection
	GlobalSection(ProjectConfigurationPlatforms) = postSolution
		{8656656C-118D-4602-98EA-2FDA6C469DA9}.Debug|x64.ActiveCfg = Debug|x64
		{8656656C-118D-4602-98EA-2FDA6C469DA9}.Debug|x64.Build.0 = Debug|x64
		{8656656C-118D-4602-98EA-2FDA6C469DA9}.Debug|x86.ActiveCfg = Debug|Win32
		{8656656C-118D-4602-98EA-2FDA6C469DA9}.Debug|x86.Build.0 = Debug|Win32
		{8656656C-118D-4602-98EA-2FDA6C469DA9}.Release|x64.ActiveCfg = Release|x64
		{8656656C-118D-4602-98EA-2FDA6C469DA9}.Release|x64.Build.0 = Release|x64
		{8656656C-118D-4602-98EA-2FDA6C469DA9}.Release|x86.ActiveCfg = Release|Win32
		{8656656C-118D-4602-98EA-2FDA6C469DA9}.Release|x86.Build.0 = Release|Win32
	EndGlobalSection
	GlobalSection(SolutionProperties) = preSolution
		HideSolutionNode = FALSE
	EndGlobalSection
	GlobalSection(ExtensibilityGlobals) = postSolution
		SolutionGuid = {5796E8C9-3995-4CBE-882F-95F7488D0FED}
	EndGlobalSection
EndGlobal
